
Microsoft Visual Studio Solution File, Format Version 12.00
# Visual Studio Version 17
VisualStudioVersion = 17.12.35527.113 d17.12
MinimumVisualStudioVersion = 10.0.40219.1
Project("{FAE04EC0-301F-11D3-BF4B-00C04F79EFBC}") = "Day1", "Day1\Day1.csproj", "{184DE2A0-A223-4330-A459-2230F4696842}"
EndProject
Project("{FAE04EC0-301F-11D3-BF4B-00C04F79EFBC}") = "AdventIO", "AdventIO\AdventIO.csproj", "{D94AE0AE-DF74-413D-88D9-AD4E94A3FFD3}"
EndProject
Project("{FAE04EC0-301F-11D3-BF4B-00C04F79EFBC}") = "Day1Tests", "Day1Tests\Day1Tests.csproj", "{A2033E24-99EA-4C0B-832F-B2F486FD6385}"
EndProject
Global
	GlobalSection(SolutionConfigurationPlatforms) = preSolution
		Debug|Any CPU = Debug|Any CPU
		Release|Any CPU = Release|Any CPU
	EndGlobalSection
	GlobalSection(ProjectConfigurationPlatforms) = postSolution
		{184DE2A0-A223-4330-A459-2230F4696842}.Debug|Any CPU.ActiveCfg = Debug|Any CPU
		{184DE2A0-A223-4330-A459-2230F4696842}.Debug|Any CPU.Build.0 = Debug|Any CPU
		{184DE2A0-A223-4330-A459-2230F4696842}.Release|Any CPU.ActiveCfg = Release|Any CPU
		{184DE2A0-A223-4330-A459-2230F4696842}.Release|Any CPU.Build.0 = Release|Any CPU
		{D94AE0AE-DF74-413D-88D9-AD4E94A3FFD3}.Debug|Any CPU.ActiveCfg = Debug|Any CPU
		{D94AE0AE-DF74-413D-88D9-AD4E94A3FFD3}.Debug|Any CPU.Build.0 = Debug|Any CPU
		{D94AE0AE-DF74-413D-88D9-AD4E94A3FFD3}.Release|Any CPU.ActiveCfg = Release|Any CPU
		{D94AE0AE-DF74-413D-88D9-AD4E94A3FFD3}.Release|Any CPU.Build.0 = Release|Any CPU
		{A2033E24-99EA-4C0B-832F-B2F486FD6385}.Debug|Any CPU.ActiveCfg = Debug|Any CPU
		{A2033E24-99EA-4C0B-832F-B2F486FD6385}.Debug|Any CPU.Build.0 = Debug|Any CPU
		{A2033E24-99EA-4C0B-832F-B2F486FD6385}.Release|Any CPU.ActiveCfg = Release|Any CPU
		{A2033E24-99EA-4C0B-832F-B2F486FD6385}.Release|Any CPU.Build.0 = Release|Any CPU
	EndGlobalSection
	GlobalSection(SolutionProperties) = preSolution
		HideSolutionNode = FALSE
	EndGlobalSection
EndGlobal
