
Microsoft Visual Studio Solution File, Format Version 12.00
# Visual Studio Version 17
VisualStudioVersion = 17.12.35527.113
MinimumVisualStudioVersion = 10.0.40219.1
Project("{FAE04EC0-301F-11D3-BF4B-00C04F79EFBC}") = "Day1", "Day1\Day1.csproj", "{184DE2A0-A223-4330-A459-2230F4696842}"
EndProject
Project("{FAE04EC0-301F-11D3-BF4B-00C04F79EFBC}") = "AdventUtils", "AdventIO\AdventUtils.csproj", "{D94AE0AE-DF74-413D-88D9-AD4E94A3FFD3}"
EndProject
Project("{FAE04EC0-301F-11D3-BF4B-00C04F79EFBC}") = "AdventTests", "AdventTests\AdventTests.csproj", "{A2033E24-99EA-4C0B-832F-B2F486FD6385}"
EndProject
Project("{FAE04EC0-301F-11D3-BF4B-00C04F79EFBC}") = "Day2", "Day2\Day2.csproj", "{2809B7D4-3630-4E5A-A53C-5CCB673862C5}"
EndProject
Project("{FAE04EC0-301F-11D3-BF4B-00C04F79EFBC}") = "Day3", "Day3\Day3.csproj", "{B2CAC04A-D1B8-4D30-99BA-A591ACCB9C89}"
EndProject
Project("{FAE04EC0-301F-11D3-BF4B-00C04F79EFBC}") = "Day4", "Day4\Day4.csproj", "{559AB1C2-0FF4-490E-B08A-E5BFAA05997E}"
EndProject
Project("{FAE04EC0-301F-11D3-BF4B-00C04F79EFBC}") = "Day5", "Day5\Day5.csproj", "{039102C3-94C3-4D0F-AD35-9C924D6DFD57}"
EndProject
Project("{FAE04EC0-301F-11D3-BF4B-00C04F79EFBC}") = "Day6", "Day6\Day6.csproj", "{57840FA0-99B9-46E0-9454-DA93B6D324B3}"
EndProject
Global
	GlobalSection(SolutionConfigurationPlatforms) = preSolution
		Debug|Any CPU = Debug|Any CPU
		Release|Any CPU = Release|Any CPU
	EndGlobalSection
	GlobalSection(ProjectConfigurationPlatforms) = postSolution
		{184DE2A0-A223-4330-A459-2230F4696842}.Debug|Any CPU.ActiveCfg = Debug|Any CPU
		{184DE2A0-A223-4330-A459-2230F4696842}.Debug|Any CPU.Build.0 = Debug|Any CPU
		{184DE2A0-A223-4330-A459-2230F4696842}.Release|Any CPU.ActiveCfg = Release|Any CPU
		{184DE2A0-A223-4330-A459-2230F4696842}.Release|Any CPU.Build.0 = Release|Any CPU
		{D94AE0AE-DF74-413D-88D9-AD4E94A3FFD3}.Debug|Any CPU.ActiveCfg = Debug|Any CPU
		{D94AE0AE-DF74-413D-88D9-AD4E94A3FFD3}.Debug|Any CPU.Build.0 = Debug|Any CPU
		{D94AE0AE-DF74-413D-88D9-AD4E94A3FFD3}.Release|Any CPU.ActiveCfg = Release|Any CPU
		{D94AE0AE-DF74-413D-88D9-AD4E94A3FFD3}.Release|Any CPU.Build.0 = Release|Any CPU
		{A2033E24-99EA-4C0B-832F-B2F486FD6385}.Debug|Any CPU.ActiveCfg = Debug|Any CPU
		{A2033E24-99EA-4C0B-832F-B2F486FD6385}.Debug|Any CPU.Build.0 = Debug|Any CPU
		{A2033E24-99EA-4C0B-832F-B2F486FD6385}.Release|Any CPU.ActiveCfg = Release|Any CPU
		{A2033E24-99EA-4C0B-832F-B2F486FD6385}.Release|Any CPU.Build.0 = Release|Any CPU
		{2809B7D4-3630-4E5A-A53C-5CCB673862C5}.Debug|Any CPU.ActiveCfg = Debug|Any CPU
		{2809B7D4-3630-4E5A-A53C-5CCB673862C5}.Debug|Any CPU.Build.0 = Debug|Any CPU
		{2809B7D4-3630-4E5A-A53C-5CCB673862C5}.Release|Any CPU.ActiveCfg = Release|Any CPU
		{2809B7D4-3630-4E5A-A53C-5CCB673862C5}.Release|Any CPU.Build.0 = Release|Any CPU
		{B2CAC04A-D1B8-4D30-99BA-A591ACCB9C89}.Debug|Any CPU.ActiveCfg = Debug|Any CPU
		{B2CAC04A-D1B8-4D30-99BA-A591ACCB9C89}.Debug|Any CPU.Build.0 = Debug|Any CPU
		{B2CAC04A-D1B8-4D30-99BA-A591ACCB9C89}.Release|Any CPU.ActiveCfg = Release|Any CPU
		{B2CAC04A-D1B8-4D30-99BA-A591ACCB9C89}.Release|Any CPU.Build.0 = Release|Any CPU
		{559AB1C2-0FF4-490E-B08A-E5BFAA05997E}.Debug|Any CPU.ActiveCfg = Debug|Any CPU
		{559AB1C2-0FF4-490E-B08A-E5BFAA05997E}.Debug|Any CPU.Build.0 = Debug|Any CPU
		{559AB1C2-0FF4-490E-B08A-E5BFAA05997E}.Release|Any CPU.ActiveCfg = Release|Any CPU
		{559AB1C2-0FF4-490E-B08A-E5BFAA05997E}.Release|Any CPU.Build.0 = Release|Any CPU
		{039102C3-94C3-4D0F-AD35-9C924D6DFD57}.Debug|Any CPU.ActiveCfg = Debug|Any CPU
		{039102C3-94C3-4D0F-AD35-9C924D6DFD57}.Debug|Any CPU.Build.0 = Debug|Any CPU
		{039102C3-94C3-4D0F-AD35-9C924D6DFD57}.Release|Any CPU.ActiveCfg = Release|Any CPU
		{039102C3-94C3-4D0F-AD35-9C924D6DFD57}.Release|Any CPU.Build.0 = Release|Any CPU
		{57840FA0-99B9-46E0-9454-DA93B6D324B3}.Debug|Any CPU.ActiveCfg = Debug|Any CPU
		{57840FA0-99B9-46E0-9454-DA93B6D324B3}.Debug|Any CPU.Build.0 = Debug|Any CPU
		{57840FA0-99B9-46E0-9454-DA93B6D324B3}.Release|Any CPU.ActiveCfg = Release|Any CPU
		{57840FA0-99B9-46E0-9454-DA93B6D324B3}.Release|Any CPU.Build.0 = Release|Any CPU
	EndGlobalSection
	GlobalSection(SolutionProperties) = preSolution
		HideSolutionNode = FALSE
	EndGlobalSection
EndGlobal
